
Microsoft Visual Studio Solution File, Format Version 12.00
# Visual Studio Version 17
VisualStudioVersion = 17.3.32901.215
MinimumVisualStudioVersion = 10.0.40219.1
Project("{9A19103F-16F7-4668-BE54-9A1E7A4F7556}") = "VirtualClient.Main", "VirtualClient.Main\VirtualClient.Main.csproj", "{0FF46AA9-1889-4E9E-A9F6-6D9A3C2AE73B}"
EndProject
Project("{9A19103F-16F7-4668-BE54-9A1E7A4F7556}") = "VirtualClient.Contracts", "VirtualClient.Contracts\VirtualClient.Contracts.csproj", "{6982B1EA-FB19-4BEC-97BC-4C546F5C849F}"
EndProject
Project("{2150E333-8FDC-42A3-9474-1A3956D46DE8}") = "Scripts", "Scripts", "{91B7C354-03BE-4802-8349-9E519DABA4AD}"
	ProjectSection(SolutionItems) = preProject
		..\..\build-restore.cmd = ..\..\build-restore.cmd
		..\..\build-test.cmd = ..\..\build-test.cmd
		..\..\build-vc-packages.cmd = ..\..\build-vc-packages.cmd
		..\..\build.cmd = ..\..\build.cmd
		..\..\clean.cmd = ..\..\clean.cmd
		..\..\upload-packages.cmd = ..\..\upload-packages.cmd
	EndProjectSection
EndProject
Project("{9A19103F-16F7-4668-BE54-9A1E7A4F7556}") = "VirtualClient.UnitTests", "VirtualClient.UnitTests\VirtualClient.UnitTests.csproj", "{B1A04963-BD86-4B21-B071-7CAD3D1B096E}"
EndProject
Project("{9A19103F-16F7-4668-BE54-9A1E7A4F7556}") = "VirtualClient.Core", "VirtualClient.Core\VirtualClient.Core.csproj", "{8769A564-95CB-492C-BE62-39339E72CA6D}"
EndProject
Project("{9A19103F-16F7-4668-BE54-9A1E7A4F7556}") = "VirtualClient.Core.UnitTests", "VirtualClient.Core.UnitTests\VirtualClient.Core.UnitTests.csproj", "{2D0A4558-0DF9-496B-986F-6C4284AC011D}"
EndProject
Project("{9A19103F-16F7-4668-BE54-9A1E7A4F7556}") = "VirtualClient.Api", "VirtualClient.Api\VirtualClient.Api.csproj", "{70997CE9-9B8A-4387-A3A3-2434DF65755C}"
EndProject
Project("{9A19103F-16F7-4668-BE54-9A1E7A4F7556}") = "VirtualClient.Contracts.UnitTests", "VirtualClient.Contracts.UnitTests\VirtualClient.Contracts.UnitTests.csproj", "{31C179A1-0808-4BE6-AF76-C519CA84503A}"
EndProject
Project("{9A19103F-16F7-4668-BE54-9A1E7A4F7556}") = "VirtualClient.Api.UnitTests", "VirtualClient.Api.UnitTests\VirtualClient.Api.UnitTests.csproj", "{B0DEFAF2-6BAE-4C54-8776-F43930ED2167}"
EndProject
Project("{9A19103F-16F7-4668-BE54-9A1E7A4F7556}") = "VirtualClient.TestExtensions", "VirtualClient.TestExtensions\VirtualClient.TestExtensions.csproj", "{E35A1704-7210-4C7B-8136-5BD53F452F65}"
EndProject
Project("{9A19103F-16F7-4668-BE54-9A1E7A4F7556}") = "VirtualClient.Dependencies", "VirtualClient.Dependencies\VirtualClient.Dependencies.csproj", "{42A69CC4-C7BB-4436-9647-045DBAAA18AD}"
EndProject
Project("{9A19103F-16F7-4668-BE54-9A1E7A4F7556}") = "VirtualClient.Dependencies.UnitTests", "VirtualClient.Dependencies.UnitTests\VirtualClient.Dependencies.UnitTests.csproj", "{F8920606-C71A-4E21-A93F-1B452DF8A113}"
EndProject
Project("{9A19103F-16F7-4668-BE54-9A1E7A4F7556}") = "VirtualClient.Actions", "VirtualClient.Actions\VirtualClient.Actions.csproj", "{7857E015-2F9C-4C45-B46E-C662AB08742B}"
EndProject
Project("{9A19103F-16F7-4668-BE54-9A1E7A4F7556}") = "VirtualClient.Actions.UnitTests", "VirtualClient.Actions.UnitTests\VirtualClient.Actions.UnitTests.csproj", "{970BA6C2-CA36-4CA5-AC74-3641DC3854D4}"
EndProject
Project("{9A19103F-16F7-4668-BE54-9A1E7A4F7556}") = "VirtualClient.Monitors", "VirtualClient.Monitors\VirtualClient.Monitors.csproj", "{7AC06737-74D1-4414-85F3-19F0934503E3}"
EndProject
Project("{9A19103F-16F7-4668-BE54-9A1E7A4F7556}") = "VirtualClient.Monitors.UnitTests", "VirtualClient.Monitors.UnitTests\VirtualClient.Monitors.UnitTests.csproj", "{B7E93935-AFB3-4BB0-96EC-51FC6285413C}"
EndProject
Project("{9A19103F-16F7-4668-BE54-9A1E7A4F7556}") = "VirtualClient.Actions.FunctionalTests", "VirtualClient.Actions.FunctionalTests\VirtualClient.Actions.FunctionalTests.csproj", "{CCFF76BD-AF9D-49FE-B9D7-D5CFAF40BE38}"
EndProject
Project("{9A19103F-16F7-4668-BE54-9A1E7A4F7556}") = "VirtualClient.Examples", "VirtualClient.Examples\VirtualClient.Examples.csproj", "{F2B6097E-BF5E-4A43-B200-62A0A3FD234F}"
EndProject
Project("{9A19103F-16F7-4668-BE54-9A1E7A4F7556}") = "VirtualClient.ExampleWorkload", "VirtualClient.ExampleWorkload\VirtualClient.ExampleWorkload.csproj", "{F2932E41-CFFA-49C5-BD8C-05ED89F10434}"
EndProject
Project("{9A19103F-16F7-4668-BE54-9A1E7A4F7556}") = "VirtualClient.TestFramework", "VirtualClient.TestFramework\VirtualClient.TestFramework.csproj", "{08BD0493-A34F-442C-9B02-8197D7459EC1}"
EndProject
Project("{9A19103F-16F7-4668-BE54-9A1E7A4F7556}") = "VirtualClient.TestFramework.UnitTests", "VirtualClient.TestFramework.UnitTests\VirtualClient.TestFramework.UnitTests.csproj", "{AE28B19E-EB99-461B-ADAF-423A6228385A}"
EndProject
Project("{9A19103F-16F7-4668-BE54-9A1E7A4F7556}") = "VirtualClient.Common", "VirtualClient.Common\VirtualClient.Common.csproj", "{42EE8985-A654-40F5-AC47-8417B8E542DB}"
EndProject
Project("{9A19103F-16F7-4668-BE54-9A1E7A4F7556}") = "VirtualClient.Packaging", "VirtualClient.Packaging\VirtualClient.Packaging.csproj", "{AF9635B5-956F-4C85-862D-57F88AF0B139}"
EndProject
Project("{9A19103F-16F7-4668-BE54-9A1E7A4F7556}") = "VirtualClient.Documentation", "VirtualClient.Documentation\VirtualClient.Documentation.csproj", "{B80C4365-68E7-46A4-BCB2-388BA064C308}"
EndProject
Project("{2150E333-8FDC-42A3-9474-1A3956D46DE8}") = "Documentation", "Documentation", "{16320E05-B488-44E1-BB1B-762897A33AD6}"
EndProject
Project("{9A19103F-16F7-4668-BE54-9A1E7A4F7556}") = "VirtualClient.Common.UnitTests", "VirtualClient.Common.UnitTests\VirtualClient.Common.UnitTests.csproj", "{01576A5E-9BBB-41D5-ACE4-9F9721B721B7}"
EndProject
Project("{9A19103F-16F7-4668-BE54-9A1E7A4F7556}") = "VirtualClient.IntegrationTests", "VirtualClient.IntegrationTests\VirtualClient.IntegrationTests.csproj", "{D5D01870-8F42-4696-AE9B-46F6DAA1E57D}"
EndProject
Project("{9A19103F-16F7-4668-BE54-9A1E7A4F7556}") = "VirtualClient.Core.FunctionalTests", "VirtualClient.Core.FunctionalTests\VirtualClient.Core.FunctionalTests.csproj", "{2B672960-0AB0-493A-BB34-DF7AFCF2E507}"
EndProject
Global
	GlobalSection(SolutionConfigurationPlatforms) = preSolution
		Debug|Any CPU = Debug|Any CPU
		Debug|ARM64 = Debug|ARM64
		Debug|x64 = Debug|x64
		Release|Any CPU = Release|Any CPU
		Release|ARM64 = Release|ARM64
		Release|x64 = Release|x64
	EndGlobalSection
	GlobalSection(ProjectConfigurationPlatforms) = postSolution
		{0FF46AA9-1889-4E9E-A9F6-6D9A3C2AE73B}.Debug|Any CPU.ActiveCfg = Debug|Any CPU
		{0FF46AA9-1889-4E9E-A9F6-6D9A3C2AE73B}.Debug|Any CPU.Build.0 = Debug|Any CPU
		{0FF46AA9-1889-4E9E-A9F6-6D9A3C2AE73B}.Debug|ARM64.ActiveCfg = Debug|ARM64
		{0FF46AA9-1889-4E9E-A9F6-6D9A3C2AE73B}.Debug|ARM64.Build.0 = Debug|ARM64
		{0FF46AA9-1889-4E9E-A9F6-6D9A3C2AE73B}.Debug|x64.ActiveCfg = Debug|x64
		{0FF46AA9-1889-4E9E-A9F6-6D9A3C2AE73B}.Debug|x64.Build.0 = Debug|x64
		{0FF46AA9-1889-4E9E-A9F6-6D9A3C2AE73B}.Release|Any CPU.ActiveCfg = Release|Any CPU
		{0FF46AA9-1889-4E9E-A9F6-6D9A3C2AE73B}.Release|Any CPU.Build.0 = Release|Any CPU
		{0FF46AA9-1889-4E9E-A9F6-6D9A3C2AE73B}.Release|ARM64.ActiveCfg = Release|ARM64
		{0FF46AA9-1889-4E9E-A9F6-6D9A3C2AE73B}.Release|ARM64.Build.0 = Release|ARM64
		{0FF46AA9-1889-4E9E-A9F6-6D9A3C2AE73B}.Release|x64.ActiveCfg = Release|x64
		{0FF46AA9-1889-4E9E-A9F6-6D9A3C2AE73B}.Release|x64.Build.0 = Release|x64
		{6982B1EA-FB19-4BEC-97BC-4C546F5C849F}.Debug|Any CPU.ActiveCfg = Debug|Any CPU
		{6982B1EA-FB19-4BEC-97BC-4C546F5C849F}.Debug|Any CPU.Build.0 = Debug|Any CPU
		{6982B1EA-FB19-4BEC-97BC-4C546F5C849F}.Debug|ARM64.ActiveCfg = Debug|ARM64
		{6982B1EA-FB19-4BEC-97BC-4C546F5C849F}.Debug|ARM64.Build.0 = Debug|ARM64
		{6982B1EA-FB19-4BEC-97BC-4C546F5C849F}.Debug|x64.ActiveCfg = Debug|x64
		{6982B1EA-FB19-4BEC-97BC-4C546F5C849F}.Debug|x64.Build.0 = Debug|x64
		{6982B1EA-FB19-4BEC-97BC-4C546F5C849F}.Release|Any CPU.ActiveCfg = Release|Any CPU
		{6982B1EA-FB19-4BEC-97BC-4C546F5C849F}.Release|Any CPU.Build.0 = Release|Any CPU
		{6982B1EA-FB19-4BEC-97BC-4C546F5C849F}.Release|ARM64.ActiveCfg = Release|ARM64
		{6982B1EA-FB19-4BEC-97BC-4C546F5C849F}.Release|ARM64.Build.0 = Release|ARM64
		{6982B1EA-FB19-4BEC-97BC-4C546F5C849F}.Release|x64.ActiveCfg = Release|x64
		{6982B1EA-FB19-4BEC-97BC-4C546F5C849F}.Release|x64.Build.0 = Release|x64
		{B1A04963-BD86-4B21-B071-7CAD3D1B096E}.Debug|Any CPU.ActiveCfg = Debug|Any CPU
		{B1A04963-BD86-4B21-B071-7CAD3D1B096E}.Debug|Any CPU.Build.0 = Debug|Any CPU
		{B1A04963-BD86-4B21-B071-7CAD3D1B096E}.Debug|ARM64.ActiveCfg = Debug|ARM64
		{B1A04963-BD86-4B21-B071-7CAD3D1B096E}.Debug|ARM64.Build.0 = Debug|ARM64
		{B1A04963-BD86-4B21-B071-7CAD3D1B096E}.Debug|x64.ActiveCfg = Debug|x64
		{B1A04963-BD86-4B21-B071-7CAD3D1B096E}.Debug|x64.Build.0 = Debug|x64
		{B1A04963-BD86-4B21-B071-7CAD3D1B096E}.Release|Any CPU.ActiveCfg = Release|Any CPU
		{B1A04963-BD86-4B21-B071-7CAD3D1B096E}.Release|Any CPU.Build.0 = Release|Any CPU
		{B1A04963-BD86-4B21-B071-7CAD3D1B096E}.Release|ARM64.ActiveCfg = Release|ARM64
		{B1A04963-BD86-4B21-B071-7CAD3D1B096E}.Release|ARM64.Build.0 = Release|ARM64
		{B1A04963-BD86-4B21-B071-7CAD3D1B096E}.Release|x64.ActiveCfg = Release|x64
		{B1A04963-BD86-4B21-B071-7CAD3D1B096E}.Release|x64.Build.0 = Release|x64
		{8769A564-95CB-492C-BE62-39339E72CA6D}.Debug|Any CPU.ActiveCfg = Debug|Any CPU
		{8769A564-95CB-492C-BE62-39339E72CA6D}.Debug|Any CPU.Build.0 = Debug|Any CPU
		{8769A564-95CB-492C-BE62-39339E72CA6D}.Debug|ARM64.ActiveCfg = Debug|ARM64
		{8769A564-95CB-492C-BE62-39339E72CA6D}.Debug|ARM64.Build.0 = Debug|ARM64
		{8769A564-95CB-492C-BE62-39339E72CA6D}.Debug|x64.ActiveCfg = Debug|x64
		{8769A564-95CB-492C-BE62-39339E72CA6D}.Debug|x64.Build.0 = Debug|x64
		{8769A564-95CB-492C-BE62-39339E72CA6D}.Release|Any CPU.ActiveCfg = Release|Any CPU
		{8769A564-95CB-492C-BE62-39339E72CA6D}.Release|Any CPU.Build.0 = Release|Any CPU
		{8769A564-95CB-492C-BE62-39339E72CA6D}.Release|ARM64.ActiveCfg = Release|ARM64
		{8769A564-95CB-492C-BE62-39339E72CA6D}.Release|ARM64.Build.0 = Release|ARM64
		{8769A564-95CB-492C-BE62-39339E72CA6D}.Release|x64.ActiveCfg = Release|x64
		{8769A564-95CB-492C-BE62-39339E72CA6D}.Release|x64.Build.0 = Release|x64
		{2D0A4558-0DF9-496B-986F-6C4284AC011D}.Debug|Any CPU.ActiveCfg = Debug|Any CPU
		{2D0A4558-0DF9-496B-986F-6C4284AC011D}.Debug|Any CPU.Build.0 = Debug|Any CPU
		{2D0A4558-0DF9-496B-986F-6C4284AC011D}.Debug|ARM64.ActiveCfg = Debug|ARM64
		{2D0A4558-0DF9-496B-986F-6C4284AC011D}.Debug|ARM64.Build.0 = Debug|ARM64
		{2D0A4558-0DF9-496B-986F-6C4284AC011D}.Debug|x64.ActiveCfg = Debug|x64
		{2D0A4558-0DF9-496B-986F-6C4284AC011D}.Debug|x64.Build.0 = Debug|x64
		{2D0A4558-0DF9-496B-986F-6C4284AC011D}.Release|Any CPU.ActiveCfg = Release|Any CPU
		{2D0A4558-0DF9-496B-986F-6C4284AC011D}.Release|Any CPU.Build.0 = Release|Any CPU
		{2D0A4558-0DF9-496B-986F-6C4284AC011D}.Release|ARM64.ActiveCfg = Release|ARM64
		{2D0A4558-0DF9-496B-986F-6C4284AC011D}.Release|ARM64.Build.0 = Release|ARM64
		{2D0A4558-0DF9-496B-986F-6C4284AC011D}.Release|x64.ActiveCfg = Release|x64
		{2D0A4558-0DF9-496B-986F-6C4284AC011D}.Release|x64.Build.0 = Release|x64
		{70997CE9-9B8A-4387-A3A3-2434DF65755C}.Debug|Any CPU.ActiveCfg = Debug|Any CPU
		{70997CE9-9B8A-4387-A3A3-2434DF65755C}.Debug|Any CPU.Build.0 = Debug|Any CPU
		{70997CE9-9B8A-4387-A3A3-2434DF65755C}.Debug|ARM64.ActiveCfg = Debug|ARM64
		{70997CE9-9B8A-4387-A3A3-2434DF65755C}.Debug|ARM64.Build.0 = Debug|ARM64
		{70997CE9-9B8A-4387-A3A3-2434DF65755C}.Debug|x64.ActiveCfg = Debug|x64
		{70997CE9-9B8A-4387-A3A3-2434DF65755C}.Debug|x64.Build.0 = Debug|x64
		{70997CE9-9B8A-4387-A3A3-2434DF65755C}.Release|Any CPU.ActiveCfg = Release|Any CPU
		{70997CE9-9B8A-4387-A3A3-2434DF65755C}.Release|Any CPU.Build.0 = Release|Any CPU
		{70997CE9-9B8A-4387-A3A3-2434DF65755C}.Release|ARM64.ActiveCfg = Release|ARM64
		{70997CE9-9B8A-4387-A3A3-2434DF65755C}.Release|ARM64.Build.0 = Release|ARM64
		{70997CE9-9B8A-4387-A3A3-2434DF65755C}.Release|x64.ActiveCfg = Release|x64
		{70997CE9-9B8A-4387-A3A3-2434DF65755C}.Release|x64.Build.0 = Release|x64
		{31C179A1-0808-4BE6-AF76-C519CA84503A}.Debug|Any CPU.ActiveCfg = Debug|Any CPU
		{31C179A1-0808-4BE6-AF76-C519CA84503A}.Debug|Any CPU.Build.0 = Debug|Any CPU
		{31C179A1-0808-4BE6-AF76-C519CA84503A}.Debug|ARM64.ActiveCfg = Debug|ARM64
		{31C179A1-0808-4BE6-AF76-C519CA84503A}.Debug|ARM64.Build.0 = Debug|ARM64
		{31C179A1-0808-4BE6-AF76-C519CA84503A}.Debug|x64.ActiveCfg = Debug|x64
		{31C179A1-0808-4BE6-AF76-C519CA84503A}.Debug|x64.Build.0 = Debug|x64
		{31C179A1-0808-4BE6-AF76-C519CA84503A}.Release|Any CPU.ActiveCfg = Release|Any CPU
		{31C179A1-0808-4BE6-AF76-C519CA84503A}.Release|Any CPU.Build.0 = Release|Any CPU
		{31C179A1-0808-4BE6-AF76-C519CA84503A}.Release|ARM64.ActiveCfg = Release|ARM64
		{31C179A1-0808-4BE6-AF76-C519CA84503A}.Release|ARM64.Build.0 = Release|ARM64
		{31C179A1-0808-4BE6-AF76-C519CA84503A}.Release|x64.ActiveCfg = Release|x64
		{31C179A1-0808-4BE6-AF76-C519CA84503A}.Release|x64.Build.0 = Release|x64
		{B0DEFAF2-6BAE-4C54-8776-F43930ED2167}.Debug|Any CPU.ActiveCfg = Debug|Any CPU
		{B0DEFAF2-6BAE-4C54-8776-F43930ED2167}.Debug|Any CPU.Build.0 = Debug|Any CPU
		{B0DEFAF2-6BAE-4C54-8776-F43930ED2167}.Debug|ARM64.ActiveCfg = Debug|ARM64
		{B0DEFAF2-6BAE-4C54-8776-F43930ED2167}.Debug|ARM64.Build.0 = Debug|ARM64
		{B0DEFAF2-6BAE-4C54-8776-F43930ED2167}.Debug|x64.ActiveCfg = Debug|x64
		{B0DEFAF2-6BAE-4C54-8776-F43930ED2167}.Debug|x64.Build.0 = Debug|x64
		{B0DEFAF2-6BAE-4C54-8776-F43930ED2167}.Release|Any CPU.ActiveCfg = Release|Any CPU
		{B0DEFAF2-6BAE-4C54-8776-F43930ED2167}.Release|Any CPU.Build.0 = Release|Any CPU
		{B0DEFAF2-6BAE-4C54-8776-F43930ED2167}.Release|ARM64.ActiveCfg = Release|ARM64
		{B0DEFAF2-6BAE-4C54-8776-F43930ED2167}.Release|ARM64.Build.0 = Release|ARM64
		{B0DEFAF2-6BAE-4C54-8776-F43930ED2167}.Release|x64.ActiveCfg = Release|x64
		{B0DEFAF2-6BAE-4C54-8776-F43930ED2167}.Release|x64.Build.0 = Release|x64
		{E35A1704-7210-4C7B-8136-5BD53F452F65}.Debug|Any CPU.ActiveCfg = Debug|Any CPU
		{E35A1704-7210-4C7B-8136-5BD53F452F65}.Debug|Any CPU.Build.0 = Debug|Any CPU
		{E35A1704-7210-4C7B-8136-5BD53F452F65}.Debug|ARM64.ActiveCfg = Debug|ARM64
		{E35A1704-7210-4C7B-8136-5BD53F452F65}.Debug|ARM64.Build.0 = Debug|ARM64
		{E35A1704-7210-4C7B-8136-5BD53F452F65}.Debug|x64.ActiveCfg = Debug|x64
		{E35A1704-7210-4C7B-8136-5BD53F452F65}.Debug|x64.Build.0 = Debug|x64
		{E35A1704-7210-4C7B-8136-5BD53F452F65}.Release|Any CPU.ActiveCfg = Release|Any CPU
		{E35A1704-7210-4C7B-8136-5BD53F452F65}.Release|Any CPU.Build.0 = Release|Any CPU
		{E35A1704-7210-4C7B-8136-5BD53F452F65}.Release|ARM64.ActiveCfg = Release|ARM64
		{E35A1704-7210-4C7B-8136-5BD53F452F65}.Release|ARM64.Build.0 = Release|ARM64
		{E35A1704-7210-4C7B-8136-5BD53F452F65}.Release|x64.ActiveCfg = Release|x64
		{E35A1704-7210-4C7B-8136-5BD53F452F65}.Release|x64.Build.0 = Release|x64
		{42A69CC4-C7BB-4436-9647-045DBAAA18AD}.Debug|Any CPU.ActiveCfg = Debug|Any CPU
		{42A69CC4-C7BB-4436-9647-045DBAAA18AD}.Debug|Any CPU.Build.0 = Debug|Any CPU
		{42A69CC4-C7BB-4436-9647-045DBAAA18AD}.Debug|ARM64.ActiveCfg = Debug|ARM64
		{42A69CC4-C7BB-4436-9647-045DBAAA18AD}.Debug|ARM64.Build.0 = Debug|ARM64
		{42A69CC4-C7BB-4436-9647-045DBAAA18AD}.Debug|x64.ActiveCfg = Debug|x64
		{42A69CC4-C7BB-4436-9647-045DBAAA18AD}.Debug|x64.Build.0 = Debug|x64
		{42A69CC4-C7BB-4436-9647-045DBAAA18AD}.Release|Any CPU.ActiveCfg = Release|Any CPU
		{42A69CC4-C7BB-4436-9647-045DBAAA18AD}.Release|Any CPU.Build.0 = Release|Any CPU
		{42A69CC4-C7BB-4436-9647-045DBAAA18AD}.Release|ARM64.ActiveCfg = Release|ARM64
		{42A69CC4-C7BB-4436-9647-045DBAAA18AD}.Release|ARM64.Build.0 = Release|ARM64
		{42A69CC4-C7BB-4436-9647-045DBAAA18AD}.Release|x64.ActiveCfg = Release|x64
		{42A69CC4-C7BB-4436-9647-045DBAAA18AD}.Release|x64.Build.0 = Release|x64
		{F8920606-C71A-4E21-A93F-1B452DF8A113}.Debug|Any CPU.ActiveCfg = Debug|Any CPU
		{F8920606-C71A-4E21-A93F-1B452DF8A113}.Debug|Any CPU.Build.0 = Debug|Any CPU
		{F8920606-C71A-4E21-A93F-1B452DF8A113}.Debug|ARM64.ActiveCfg = Debug|ARM64
		{F8920606-C71A-4E21-A93F-1B452DF8A113}.Debug|ARM64.Build.0 = Debug|ARM64
		{F8920606-C71A-4E21-A93F-1B452DF8A113}.Debug|x64.ActiveCfg = Debug|x64
		{F8920606-C71A-4E21-A93F-1B452DF8A113}.Debug|x64.Build.0 = Debug|x64
		{F8920606-C71A-4E21-A93F-1B452DF8A113}.Release|Any CPU.ActiveCfg = Release|Any CPU
		{F8920606-C71A-4E21-A93F-1B452DF8A113}.Release|Any CPU.Build.0 = Release|Any CPU
		{F8920606-C71A-4E21-A93F-1B452DF8A113}.Release|ARM64.ActiveCfg = Release|ARM64
		{F8920606-C71A-4E21-A93F-1B452DF8A113}.Release|ARM64.Build.0 = Release|ARM64
		{F8920606-C71A-4E21-A93F-1B452DF8A113}.Release|x64.ActiveCfg = Release|x64
		{F8920606-C71A-4E21-A93F-1B452DF8A113}.Release|x64.Build.0 = Release|x64
		{7857E015-2F9C-4C45-B46E-C662AB08742B}.Debug|Any CPU.ActiveCfg = Debug|Any CPU
		{7857E015-2F9C-4C45-B46E-C662AB08742B}.Debug|Any CPU.Build.0 = Debug|Any CPU
		{7857E015-2F9C-4C45-B46E-C662AB08742B}.Debug|ARM64.ActiveCfg = Debug|ARM64
		{7857E015-2F9C-4C45-B46E-C662AB08742B}.Debug|ARM64.Build.0 = Debug|ARM64
		{7857E015-2F9C-4C45-B46E-C662AB08742B}.Debug|x64.ActiveCfg = Debug|x64
		{7857E015-2F9C-4C45-B46E-C662AB08742B}.Debug|x64.Build.0 = Debug|x64
		{7857E015-2F9C-4C45-B46E-C662AB08742B}.Release|Any CPU.ActiveCfg = Release|Any CPU
		{7857E015-2F9C-4C45-B46E-C662AB08742B}.Release|Any CPU.Build.0 = Release|Any CPU
		{7857E015-2F9C-4C45-B46E-C662AB08742B}.Release|ARM64.ActiveCfg = Release|ARM64
		{7857E015-2F9C-4C45-B46E-C662AB08742B}.Release|ARM64.Build.0 = Release|ARM64
		{7857E015-2F9C-4C45-B46E-C662AB08742B}.Release|x64.ActiveCfg = Release|x64
		{7857E015-2F9C-4C45-B46E-C662AB08742B}.Release|x64.Build.0 = Release|x64
		{970BA6C2-CA36-4CA5-AC74-3641DC3854D4}.Debug|Any CPU.ActiveCfg = Debug|Any CPU
		{970BA6C2-CA36-4CA5-AC74-3641DC3854D4}.Debug|Any CPU.Build.0 = Debug|Any CPU
		{970BA6C2-CA36-4CA5-AC74-3641DC3854D4}.Debug|ARM64.ActiveCfg = Debug|ARM64
		{970BA6C2-CA36-4CA5-AC74-3641DC3854D4}.Debug|ARM64.Build.0 = Debug|ARM64
		{970BA6C2-CA36-4CA5-AC74-3641DC3854D4}.Debug|x64.ActiveCfg = Debug|x64
		{970BA6C2-CA36-4CA5-AC74-3641DC3854D4}.Debug|x64.Build.0 = Debug|x64
		{970BA6C2-CA36-4CA5-AC74-3641DC3854D4}.Release|Any CPU.ActiveCfg = Release|Any CPU
		{970BA6C2-CA36-4CA5-AC74-3641DC3854D4}.Release|Any CPU.Build.0 = Release|Any CPU
		{970BA6C2-CA36-4CA5-AC74-3641DC3854D4}.Release|ARM64.ActiveCfg = Release|ARM64
		{970BA6C2-CA36-4CA5-AC74-3641DC3854D4}.Release|ARM64.Build.0 = Release|ARM64
		{970BA6C2-CA36-4CA5-AC74-3641DC3854D4}.Release|x64.ActiveCfg = Release|x64
		{970BA6C2-CA36-4CA5-AC74-3641DC3854D4}.Release|x64.Build.0 = Release|x64
		{7AC06737-74D1-4414-85F3-19F0934503E3}.Debug|Any CPU.ActiveCfg = Debug|Any CPU
		{7AC06737-74D1-4414-85F3-19F0934503E3}.Debug|Any CPU.Build.0 = Debug|Any CPU
		{7AC06737-74D1-4414-85F3-19F0934503E3}.Debug|ARM64.ActiveCfg = Debug|ARM64
		{7AC06737-74D1-4414-85F3-19F0934503E3}.Debug|ARM64.Build.0 = Debug|ARM64
		{7AC06737-74D1-4414-85F3-19F0934503E3}.Debug|x64.ActiveCfg = Debug|x64
		{7AC06737-74D1-4414-85F3-19F0934503E3}.Debug|x64.Build.0 = Debug|x64
		{7AC06737-74D1-4414-85F3-19F0934503E3}.Release|Any CPU.ActiveCfg = Release|Any CPU
		{7AC06737-74D1-4414-85F3-19F0934503E3}.Release|Any CPU.Build.0 = Release|Any CPU
		{7AC06737-74D1-4414-85F3-19F0934503E3}.Release|ARM64.ActiveCfg = Release|ARM64
		{7AC06737-74D1-4414-85F3-19F0934503E3}.Release|ARM64.Build.0 = Release|ARM64
		{7AC06737-74D1-4414-85F3-19F0934503E3}.Release|x64.ActiveCfg = Release|x64
		{7AC06737-74D1-4414-85F3-19F0934503E3}.Release|x64.Build.0 = Release|x64
		{B7E93935-AFB3-4BB0-96EC-51FC6285413C}.Debug|Any CPU.ActiveCfg = Debug|Any CPU
		{B7E93935-AFB3-4BB0-96EC-51FC6285413C}.Debug|Any CPU.Build.0 = Debug|Any CPU
		{B7E93935-AFB3-4BB0-96EC-51FC6285413C}.Debug|ARM64.ActiveCfg = Debug|ARM64
		{B7E93935-AFB3-4BB0-96EC-51FC6285413C}.Debug|ARM64.Build.0 = Debug|ARM64
		{B7E93935-AFB3-4BB0-96EC-51FC6285413C}.Debug|x64.ActiveCfg = Debug|x64
		{B7E93935-AFB3-4BB0-96EC-51FC6285413C}.Debug|x64.Build.0 = Debug|x64
		{B7E93935-AFB3-4BB0-96EC-51FC6285413C}.Release|Any CPU.ActiveCfg = Release|Any CPU
		{B7E93935-AFB3-4BB0-96EC-51FC6285413C}.Release|Any CPU.Build.0 = Release|Any CPU
		{B7E93935-AFB3-4BB0-96EC-51FC6285413C}.Release|ARM64.ActiveCfg = Release|ARM64
		{B7E93935-AFB3-4BB0-96EC-51FC6285413C}.Release|ARM64.Build.0 = Release|ARM64
		{B7E93935-AFB3-4BB0-96EC-51FC6285413C}.Release|x64.ActiveCfg = Release|x64
		{B7E93935-AFB3-4BB0-96EC-51FC6285413C}.Release|x64.Build.0 = Release|x64
		{CCFF76BD-AF9D-49FE-B9D7-D5CFAF40BE38}.Debug|Any CPU.ActiveCfg = Debug|Any CPU
		{CCFF76BD-AF9D-49FE-B9D7-D5CFAF40BE38}.Debug|Any CPU.Build.0 = Debug|Any CPU
		{CCFF76BD-AF9D-49FE-B9D7-D5CFAF40BE38}.Debug|ARM64.ActiveCfg = Debug|ARM64
		{CCFF76BD-AF9D-49FE-B9D7-D5CFAF40BE38}.Debug|ARM64.Build.0 = Debug|ARM64
		{CCFF76BD-AF9D-49FE-B9D7-D5CFAF40BE38}.Debug|x64.ActiveCfg = Debug|x64
		{CCFF76BD-AF9D-49FE-B9D7-D5CFAF40BE38}.Debug|x64.Build.0 = Debug|x64
		{CCFF76BD-AF9D-49FE-B9D7-D5CFAF40BE38}.Release|Any CPU.ActiveCfg = Release|Any CPU
		{CCFF76BD-AF9D-49FE-B9D7-D5CFAF40BE38}.Release|Any CPU.Build.0 = Release|Any CPU
		{CCFF76BD-AF9D-49FE-B9D7-D5CFAF40BE38}.Release|ARM64.ActiveCfg = Release|ARM64
		{CCFF76BD-AF9D-49FE-B9D7-D5CFAF40BE38}.Release|ARM64.Build.0 = Release|ARM64
		{CCFF76BD-AF9D-49FE-B9D7-D5CFAF40BE38}.Release|x64.ActiveCfg = Release|x64
		{CCFF76BD-AF9D-49FE-B9D7-D5CFAF40BE38}.Release|x64.Build.0 = Release|x64
		{F2B6097E-BF5E-4A43-B200-62A0A3FD234F}.Debug|Any CPU.ActiveCfg = Debug|Any CPU
		{F2B6097E-BF5E-4A43-B200-62A0A3FD234F}.Debug|Any CPU.Build.0 = Debug|Any CPU
		{F2B6097E-BF5E-4A43-B200-62A0A3FD234F}.Debug|ARM64.ActiveCfg = Debug|ARM64
		{F2B6097E-BF5E-4A43-B200-62A0A3FD234F}.Debug|ARM64.Build.0 = Debug|ARM64
		{F2B6097E-BF5E-4A43-B200-62A0A3FD234F}.Debug|x64.ActiveCfg = Debug|x64
		{F2B6097E-BF5E-4A43-B200-62A0A3FD234F}.Debug|x64.Build.0 = Debug|x64
		{F2B6097E-BF5E-4A43-B200-62A0A3FD234F}.Release|Any CPU.ActiveCfg = Release|Any CPU
		{F2B6097E-BF5E-4A43-B200-62A0A3FD234F}.Release|Any CPU.Build.0 = Release|Any CPU
		{F2B6097E-BF5E-4A43-B200-62A0A3FD234F}.Release|ARM64.ActiveCfg = Release|ARM64
		{F2B6097E-BF5E-4A43-B200-62A0A3FD234F}.Release|ARM64.Build.0 = Release|ARM64
		{F2B6097E-BF5E-4A43-B200-62A0A3FD234F}.Release|x64.ActiveCfg = Release|x64
		{F2B6097E-BF5E-4A43-B200-62A0A3FD234F}.Release|x64.Build.0 = Release|x64
		{F2932E41-CFFA-49C5-BD8C-05ED89F10434}.Debug|Any CPU.ActiveCfg = Debug|Any CPU
		{F2932E41-CFFA-49C5-BD8C-05ED89F10434}.Debug|Any CPU.Build.0 = Debug|Any CPU
		{F2932E41-CFFA-49C5-BD8C-05ED89F10434}.Debug|ARM64.ActiveCfg = Debug|ARM64
		{F2932E41-CFFA-49C5-BD8C-05ED89F10434}.Debug|ARM64.Build.0 = Debug|ARM64
		{F2932E41-CFFA-49C5-BD8C-05ED89F10434}.Debug|x64.ActiveCfg = Debug|x64
		{F2932E41-CFFA-49C5-BD8C-05ED89F10434}.Debug|x64.Build.0 = Debug|x64
		{F2932E41-CFFA-49C5-BD8C-05ED89F10434}.Release|Any CPU.ActiveCfg = Release|Any CPU
		{F2932E41-CFFA-49C5-BD8C-05ED89F10434}.Release|Any CPU.Build.0 = Release|Any CPU
		{F2932E41-CFFA-49C5-BD8C-05ED89F10434}.Release|ARM64.ActiveCfg = Release|ARM64
		{F2932E41-CFFA-49C5-BD8C-05ED89F10434}.Release|ARM64.Build.0 = Release|ARM64
		{F2932E41-CFFA-49C5-BD8C-05ED89F10434}.Release|x64.ActiveCfg = Release|x64
		{F2932E41-CFFA-49C5-BD8C-05ED89F10434}.Release|x64.Build.0 = Release|x64
		{08BD0493-A34F-442C-9B02-8197D7459EC1}.Debug|Any CPU.ActiveCfg = Debug|Any CPU
		{08BD0493-A34F-442C-9B02-8197D7459EC1}.Debug|Any CPU.Build.0 = Debug|Any CPU
		{08BD0493-A34F-442C-9B02-8197D7459EC1}.Debug|ARM64.ActiveCfg = Debug|ARM64
		{08BD0493-A34F-442C-9B02-8197D7459EC1}.Debug|ARM64.Build.0 = Debug|ARM64
		{08BD0493-A34F-442C-9B02-8197D7459EC1}.Debug|x64.ActiveCfg = Debug|x64
		{08BD0493-A34F-442C-9B02-8197D7459EC1}.Debug|x64.Build.0 = Debug|x64
		{08BD0493-A34F-442C-9B02-8197D7459EC1}.Release|Any CPU.ActiveCfg = Release|Any CPU
		{08BD0493-A34F-442C-9B02-8197D7459EC1}.Release|Any CPU.Build.0 = Release|Any CPU
		{08BD0493-A34F-442C-9B02-8197D7459EC1}.Release|ARM64.ActiveCfg = Release|ARM64
		{08BD0493-A34F-442C-9B02-8197D7459EC1}.Release|ARM64.Build.0 = Release|ARM64
		{08BD0493-A34F-442C-9B02-8197D7459EC1}.Release|x64.ActiveCfg = Release|x64
		{08BD0493-A34F-442C-9B02-8197D7459EC1}.Release|x64.Build.0 = Release|x64
		{AE28B19E-EB99-461B-ADAF-423A6228385A}.Debug|Any CPU.ActiveCfg = Debug|Any CPU
		{AE28B19E-EB99-461B-ADAF-423A6228385A}.Debug|Any CPU.Build.0 = Debug|Any CPU
		{AE28B19E-EB99-461B-ADAF-423A6228385A}.Debug|ARM64.ActiveCfg = Debug|ARM64
		{AE28B19E-EB99-461B-ADAF-423A6228385A}.Debug|ARM64.Build.0 = Debug|ARM64
		{AE28B19E-EB99-461B-ADAF-423A6228385A}.Debug|x64.ActiveCfg = Debug|x64
		{AE28B19E-EB99-461B-ADAF-423A6228385A}.Debug|x64.Build.0 = Debug|x64
		{AE28B19E-EB99-461B-ADAF-423A6228385A}.Release|Any CPU.ActiveCfg = Release|Any CPU
		{AE28B19E-EB99-461B-ADAF-423A6228385A}.Release|Any CPU.Build.0 = Release|Any CPU
		{AE28B19E-EB99-461B-ADAF-423A6228385A}.Release|ARM64.ActiveCfg = Release|ARM64
		{AE28B19E-EB99-461B-ADAF-423A6228385A}.Release|ARM64.Build.0 = Release|ARM64
		{AE28B19E-EB99-461B-ADAF-423A6228385A}.Release|x64.ActiveCfg = Release|x64
		{AE28B19E-EB99-461B-ADAF-423A6228385A}.Release|x64.Build.0 = Release|x64
		{42EE8985-A654-40F5-AC47-8417B8E542DB}.Debug|Any CPU.ActiveCfg = Debug|Any CPU
		{42EE8985-A654-40F5-AC47-8417B8E542DB}.Debug|Any CPU.Build.0 = Debug|Any CPU
		{42EE8985-A654-40F5-AC47-8417B8E542DB}.Debug|ARM64.ActiveCfg = Debug|ARM64
		{42EE8985-A654-40F5-AC47-8417B8E542DB}.Debug|ARM64.Build.0 = Debug|ARM64
		{42EE8985-A654-40F5-AC47-8417B8E542DB}.Debug|x64.ActiveCfg = Debug|x64
		{42EE8985-A654-40F5-AC47-8417B8E542DB}.Debug|x64.Build.0 = Debug|x64
		{42EE8985-A654-40F5-AC47-8417B8E542DB}.Release|Any CPU.ActiveCfg = Release|Any CPU
		{42EE8985-A654-40F5-AC47-8417B8E542DB}.Release|Any CPU.Build.0 = Release|Any CPU
		{42EE8985-A654-40F5-AC47-8417B8E542DB}.Release|ARM64.ActiveCfg = Release|ARM64
		{42EE8985-A654-40F5-AC47-8417B8E542DB}.Release|ARM64.Build.0 = Release|ARM64
		{42EE8985-A654-40F5-AC47-8417B8E542DB}.Release|x64.ActiveCfg = Release|x64
		{42EE8985-A654-40F5-AC47-8417B8E542DB}.Release|x64.Build.0 = Release|x64
		{AF9635B5-956F-4C85-862D-57F88AF0B139}.Debug|Any CPU.ActiveCfg = Debug|Any CPU
		{AF9635B5-956F-4C85-862D-57F88AF0B139}.Debug|Any CPU.Build.0 = Debug|Any CPU
		{AF9635B5-956F-4C85-862D-57F88AF0B139}.Debug|ARM64.ActiveCfg = Debug|ARM64
		{AF9635B5-956F-4C85-862D-57F88AF0B139}.Debug|ARM64.Build.0 = Debug|ARM64
		{AF9635B5-956F-4C85-862D-57F88AF0B139}.Debug|x64.ActiveCfg = Debug|x64
		{AF9635B5-956F-4C85-862D-57F88AF0B139}.Debug|x64.Build.0 = Debug|x64
		{AF9635B5-956F-4C85-862D-57F88AF0B139}.Release|Any CPU.ActiveCfg = Release|Any CPU
		{AF9635B5-956F-4C85-862D-57F88AF0B139}.Release|Any CPU.Build.0 = Release|Any CPU
		{AF9635B5-956F-4C85-862D-57F88AF0B139}.Release|ARM64.ActiveCfg = Release|ARM64
		{AF9635B5-956F-4C85-862D-57F88AF0B139}.Release|ARM64.Build.0 = Release|ARM64
		{AF9635B5-956F-4C85-862D-57F88AF0B139}.Release|x64.ActiveCfg = Release|x64
		{AF9635B5-956F-4C85-862D-57F88AF0B139}.Release|x64.Build.0 = Release|x64
		{B80C4365-68E7-46A4-BCB2-388BA064C308}.Debug|Any CPU.ActiveCfg = Debug|Any CPU
		{B80C4365-68E7-46A4-BCB2-388BA064C308}.Debug|ARM64.ActiveCfg = Debug|ARM64
		{B80C4365-68E7-46A4-BCB2-388BA064C308}.Debug|x64.ActiveCfg = Debug|x64
		{B80C4365-68E7-46A4-BCB2-388BA064C308}.Release|Any CPU.ActiveCfg = Release|Any CPU
		{B80C4365-68E7-46A4-BCB2-388BA064C308}.Release|ARM64.ActiveCfg = Release|ARM64
		{B80C4365-68E7-46A4-BCB2-388BA064C308}.Release|x64.ActiveCfg = Release|x64
		{01576A5E-9BBB-41D5-ACE4-9F9721B721B7}.Debug|Any CPU.ActiveCfg = Debug|Any CPU
		{01576A5E-9BBB-41D5-ACE4-9F9721B721B7}.Debug|Any CPU.Build.0 = Debug|Any CPU
		{01576A5E-9BBB-41D5-ACE4-9F9721B721B7}.Debug|ARM64.ActiveCfg = Debug|ARM64
		{01576A5E-9BBB-41D5-ACE4-9F9721B721B7}.Debug|ARM64.Build.0 = Debug|ARM64
		{01576A5E-9BBB-41D5-ACE4-9F9721B721B7}.Debug|x64.ActiveCfg = Debug|x64
		{01576A5E-9BBB-41D5-ACE4-9F9721B721B7}.Debug|x64.Build.0 = Debug|x64
		{01576A5E-9BBB-41D5-ACE4-9F9721B721B7}.Release|Any CPU.ActiveCfg = Release|Any CPU
		{01576A5E-9BBB-41D5-ACE4-9F9721B721B7}.Release|Any CPU.Build.0 = Release|Any CPU
		{01576A5E-9BBB-41D5-ACE4-9F9721B721B7}.Release|ARM64.ActiveCfg = Release|ARM64
		{01576A5E-9BBB-41D5-ACE4-9F9721B721B7}.Release|ARM64.Build.0 = Release|ARM64
		{01576A5E-9BBB-41D5-ACE4-9F9721B721B7}.Release|x64.ActiveCfg = Release|x64
		{01576A5E-9BBB-41D5-ACE4-9F9721B721B7}.Release|x64.Build.0 = Release|x64
		{D5D01870-8F42-4696-AE9B-46F6DAA1E57D}.Debug|Any CPU.ActiveCfg = Debug|Any CPU
		{D5D01870-8F42-4696-AE9B-46F6DAA1E57D}.Debug|Any CPU.Build.0 = Debug|Any CPU
		{D5D01870-8F42-4696-AE9B-46F6DAA1E57D}.Debug|ARM64.ActiveCfg = Debug|ARM64
		{D5D01870-8F42-4696-AE9B-46F6DAA1E57D}.Debug|ARM64.Build.0 = Debug|ARM64
		{D5D01870-8F42-4696-AE9B-46F6DAA1E57D}.Debug|x64.ActiveCfg = Debug|x64
		{D5D01870-8F42-4696-AE9B-46F6DAA1E57D}.Debug|x64.Build.0 = Debug|x64
		{D5D01870-8F42-4696-AE9B-46F6DAA1E57D}.Release|Any CPU.ActiveCfg = Release|Any CPU
		{D5D01870-8F42-4696-AE9B-46F6DAA1E57D}.Release|Any CPU.Build.0 = Release|Any CPU
		{D5D01870-8F42-4696-AE9B-46F6DAA1E57D}.Release|ARM64.ActiveCfg = Release|ARM64
		{D5D01870-8F42-4696-AE9B-46F6DAA1E57D}.Release|ARM64.Build.0 = Release|ARM64
		{D5D01870-8F42-4696-AE9B-46F6DAA1E57D}.Release|x64.ActiveCfg = Release|x64
		{D5D01870-8F42-4696-AE9B-46F6DAA1E57D}.Release|x64.Build.0 = Release|x64
		{2B672960-0AB0-493A-BB34-DF7AFCF2E507}.Debug|Any CPU.ActiveCfg = Debug|Any CPU
		{2B672960-0AB0-493A-BB34-DF7AFCF2E507}.Debug|Any CPU.Build.0 = Debug|Any CPU
		{2B672960-0AB0-493A-BB34-DF7AFCF2E507}.Debug|ARM64.ActiveCfg = Debug|ARM64
		{2B672960-0AB0-493A-BB34-DF7AFCF2E507}.Debug|ARM64.Build.0 = Debug|ARM64
		{2B672960-0AB0-493A-BB34-DF7AFCF2E507}.Debug|x64.ActiveCfg = Debug|x64
		{2B672960-0AB0-493A-BB34-DF7AFCF2E507}.Debug|x64.Build.0 = Debug|x64
		{2B672960-0AB0-493A-BB34-DF7AFCF2E507}.Release|Any CPU.ActiveCfg = Release|Any CPU
		{2B672960-0AB0-493A-BB34-DF7AFCF2E507}.Release|Any CPU.Build.0 = Release|Any CPU
		{2B672960-0AB0-493A-BB34-DF7AFCF2E507}.Release|ARM64.ActiveCfg = Release|ARM64
		{2B672960-0AB0-493A-BB34-DF7AFCF2E507}.Release|ARM64.Build.0 = Release|ARM64
		{2B672960-0AB0-493A-BB34-DF7AFCF2E507}.Release|x64.ActiveCfg = Release|x64
		{2B672960-0AB0-493A-BB34-DF7AFCF2E507}.Release|x64.Build.0 = Release|x64
	EndGlobalSection
	GlobalSection(SolutionProperties) = preSolution
		HideSolutionNode = FALSE
	EndGlobalSection
	GlobalSection(NestedProjects) = preSolution
		{B80C4365-68E7-46A4-BCB2-388BA064C308} = {16320E05-B488-44E1-BB1B-762897A33AD6}
	EndGlobalSection
	GlobalSection(ExtensibilityGlobals) = postSolution
		SolutionGuid = {FD13E46C-71D6-4858-A5FC-55184DF2A539}
	EndGlobalSection
EndGlobal
